// !$*UTF8*$!
{
	archiveVersion = 1;
	classes = {
	};
	objectVersion = 46;
	objects = {

/* Begin PBXBuildFile section */
		2D5946771A6BDAF7004B638F /* SwiftyJSON.swift in Sources */ = {isa = PBXBuildFile; fileRef = 2D5946761A6BDAF7004B638F /* SwiftyJSON.swift */; };
		2D82C9851A78696400626E81 /* String-Extension.swift in Sources */ = {isa = PBXBuildFile; fileRef = 2D82C9841A78696400626E81 /* String-Extension.swift */; };
		2D8C24421A5A855F00219B7A /* Regex.swift in Sources */ = {isa = PBXBuildFile; fileRef = 2D8C24411A5A855F00219B7A /* Regex.swift */; };
		2D8C24461A5A913600219B7A /* Requests.swift in Sources */ = {isa = PBXBuildFile; fileRef = 2D8C24451A5A913600219B7A /* Requests.swift */; };
		2D8CDE1B1A4A68CC00026590 /* main.swift in Sources */ = {isa = PBXBuildFile; fileRef = 2D8CDE1A1A4A68CC00026590 /* main.swift */; };
/* End PBXBuildFile section */

/* Begin PBXCopyFilesBuildPhase section */
		2D8CDE151A4A68CC00026590 /* CopyFiles */ = {
			isa = PBXCopyFilesBuildPhase;
			buildActionMask = 2147483647;
			dstPath = /usr/share/man/man1/;
			dstSubfolderSpec = 0;
			files = (
			);
			runOnlyForDeploymentPostprocessing = 1;
		};
/* End PBXCopyFilesBuildPhase section */

/* Begin PBXFileReference section */
		2D5946761A6BDAF7004B638F /* SwiftyJSON.swift */ = {isa = PBXFileReference; fileEncoding = 4; lastKnownFileType = sourcecode.swift; path = SwiftyJSON.swift; sourceTree = "<group>"; };
		2D82C9841A78696400626E81 /* String-Extension.swift */ = {isa = PBXFileReference; fileEncoding = 4; lastKnownFileType = sourcecode.swift; path = "String-Extension.swift"; sourceTree = "<group>"; };
		2D8C24411A5A855F00219B7A /* Regex.swift */ = {isa = PBXFileReference; fileEncoding = 4; lastKnownFileType = sourcecode.swift; path = Regex.swift; sourceTree = "<group>"; };
		2D8C24451A5A913600219B7A /* Requests.swift */ = {isa = PBXFileReference; fileEncoding = 4; lastKnownFileType = sourcecode.swift; path = Requests.swift; sourceTree = "<group>"; };
		2D8CDE171A4A68CC00026590 /* swift-playground */ = {isa = PBXFileReference; explicitFileType = "compiled.mach-o.executable"; includeInIndex = 0; path = "swift-playground"; sourceTree = BUILT_PRODUCTS_DIR; };
		2D8CDE1A1A4A68CC00026590 /* main.swift */ = {isa = PBXFileReference; lastKnownFileType = sourcecode.swift; path = main.swift; sourceTree = "<group>"; };
/* End PBXFileReference section */

/* Begin PBXFrameworksBuildPhase section */
		2D8CDE141A4A68CC00026590 /* Frameworks */ = {
			isa = PBXFrameworksBuildPhase;
			buildActionMask = 2147483647;
			files = (
			);
			runOnlyForDeploymentPostprocessing = 0;
		};
/* End PBXFrameworksBuildPhase section */

/* Begin PBXGroup section */
		2D8CDE0E1A4A68CC00026590 = {
			isa = PBXGroup;
			children = (
				2D8CDE191A4A68CC00026590 /* swift-playground */,
				2D8CDE181A4A68CC00026590 /* Products */,
			);
			sourceTree = "<group>";
		};
		2D8CDE181A4A68CC00026590 /* Products */ = {
			isa = PBXGroup;
			children = (
				2D8CDE171A4A68CC00026590 /* swift-playground */,
			);
			name = Products;
			sourceTree = "<group>";
		};
		2D8CDE191A4A68CC00026590 /* swift-playground */ = {
			isa = PBXGroup;
			children = (
				2D8CDE1A1A4A68CC00026590 /* main.swift */,
				2D8C24411A5A855F00219B7A /* Regex.swift */,
				2D8C24451A5A913600219B7A /* Requests.swift */,
				2D5946761A6BDAF7004B638F /* SwiftyJSON.swift */,
				2D82C9841A78696400626E81 /* String-Extension.swift */,
			);
			path = "swift-playground";
			sourceTree = "<group>";
		};
/* End PBXGroup section */

/* Begin PBXNativeTarget section */
		2D8CDE161A4A68CC00026590 /* swift-playground */ = {
			isa = PBXNativeTarget;
			buildConfigurationList = 2D8CDE1E1A4A68CC00026590 /* Build configuration list for PBXNativeTarget "swift-playground" */;
			buildPhases = (
				2D8CDE131A4A68CC00026590 /* Sources */,
				2D8CDE141A4A68CC00026590 /* Frameworks */,
				2D8CDE151A4A68CC00026590 /* CopyFiles */,
			);
			buildRules = (
			);
			dependencies = (
			);
			name = "swift-playground";
			productName = "swift-playground";
			productReference = 2D8CDE171A4A68CC00026590 /* swift-playground */;
			productType = "com.apple.product-type.tool";
		};
/* End PBXNativeTarget section */

/* Begin PBXProject section */
		2D8CDE0F1A4A68CC00026590 /* Project object */ = {
			isa = PBXProject;
			attributes = {
				LastUpgradeCheck = 0610;
				ORGANIZATIONNAME = skyline;
				TargetAttributes = {
					2D8CDE161A4A68CC00026590 = {
						CreatedOnToolsVersion = 6.1.1;
					};
				};
			};
			buildConfigurationList = 2D8CDE121A4A68CC00026590 /* Build configuration list for PBXProject "swift-playground" */;
			compatibilityVersion = "Xcode 3.2";
			developmentRegion = English;
			hasScannedForEncodings = 0;
			knownRegions = (
				en,
			);
			mainGroup = 2D8CDE0E1A4A68CC00026590;
			productRefGroup = 2D8CDE181A4A68CC00026590 /* Products */;
			projectDirPath = "";
			projectRoot = "";
			targets = (
				2D8CDE161A4A68CC00026590 /* swift-playground */,
			);
		};
/* End PBXProject section */

/* Begin PBXSourcesBuildPhase section */
		2D8CDE131A4A68CC00026590 /* Sources */ = {
			isa = PBXSourcesBuildPhase;
			buildActionMask = 2147483647;
			files = (
				2D8CDE1B1A4A68CC00026590 /* main.swift in Sources */,
				2D8C24461A5A913600219B7A /* Requests.swift in Sources */,
				2D8C24421A5A855F00219B7A /* Regex.swift in Sources */,
				2D5946771A6BDAF7004B638F /* SwiftyJSON.swift in Sources */,
				2D82C9851A78696400626E81 /* String-Extension.swift in Sources */,
			);
			runOnlyForDeploymentPostprocessing = 0;
		};
/* End PBXSourcesBuildPhase section */

/* Begin XCBuildConfiguration section */
		2D8CDE1C1A4A68CC00026590 /* Debug */ = {
			isa = XCBuildConfiguration;
			buildSettings = {
				ALWAYS_SEARCH_USER_PATHS = NO;
				CLANG_CXX_LANGUAGE_STANDARD = "gnu++0x";
				CLANG_CXX_LIBRARY = "libc++";
				CLANG_ENABLE_MODULES = YES;
				CLANG_ENABLE_OBJC_ARC = YES;
				CLANG_WARN_BOOL_CONVERSION = YES;
				CLANG_WARN_CONSTANT_CONVERSION = YES;
				CLANG_WARN_DIRECT_OBJC_ISA_USAGE = YES_ERROR;
				CLANG_WARN_EMPTY_BODY = YES;
				CLANG_WARN_ENUM_CONVERSION = YES;
				CLANG_WARN_INT_CONVERSION = YES;
				CLANG_WARN_OBJC_ROOT_CLASS = YES_ERROR;
				CLANG_WARN_UNREACHABLE_CODE = YES;
				CLANG_WARN__DUPLICATE_METHOD_MATCH = YES;
				COPY_PHASE_STRIP = NO;
				ENABLE_STRICT_OBJC_MSGSEND = YES;
				GCC_C_LANGUAGE_STANDARD = gnu99;
				GCC_DYNAMIC_NO_PIC = NO;
				GCC_OPTIMIZATION_LEVEL = 0;
				GCC_PREPROCESSOR_DEFINITIONS = (
					"DEBUG=1",
					"$(inherited)",
				);
				GCC_SYMBOLS_PRIVATE_EXTERN = NO;
				GCC_WARN_64_TO_32_BIT_CONVERSION = YES;
				GCC_WARN_ABOUT_RETURN_TYPE = YES_ERROR;
				GCC_WARN_UNDECLARED_SELECTOR = YES;
				GCC_WARN_UNINITIALIZED_AUTOS = YES_AGGRESSIVE;
				GCC_WARN_UNUSED_FUNCTION = YES;
				GCC_WARN_UNUSED_VARIABLE = YES;
				MACOSX_DEPLOYMENT_TARGET = 10.10;
				MTL_ENABLE_DEBUG_INFO = YES;
				ONLY_ACTIVE_ARCH = YES;
				SDKROOT = macosx;
				SWIFT_OPTIMIZATION_LEVEL = "-Onone";
			};
			name = Debug;
		};
		2D8CDE1D1A4A68CC00026590 /* Release */ = {
			isa = XCBuildConfiguration;
			buildSettings = {
				ALWAYS_SEARCH_USER_PATHS = NO;
				CLANG_CXX_LANGUAGE_STANDARD = "gnu++0x";
				CLANG_CXX_LIBRARY = "libc++";
				CLANG_ENABLE_MODULES = YES;
				CLANG_ENABLE_OBJC_ARC = YES;
				CLANG_WARN_BOOL_CONVERSION = YES;
				CLANG_WARN_CONSTANT_CONVERSION = YES;
				CLANG_WARN_DIRECT_OBJC_ISA_USAGE = YES_ERROR;
				CLANG_WARN_EMPTY_BODY = YES;
				CLANG_WARN_ENUM_CONVERSION = YES;
				CLANG_WARN_INT_CONVERSION = YES;
				CLANG_WARN_OBJC_ROOT_CLASS = YES_ERROR;
				CLANG_WARN_UNREACHABLE_CODE = YES;
				CLANG_WARN__DUPLICATE_METHOD_MATCH = YES;
				COPY_PHASE_STRIP = YES;
				DEBUG_INFORMATION_FORMAT = "dwarf-with-dsym";
				ENABLE_NS_ASSERTIONS = NO;
				ENABLE_STRICT_OBJC_MSGSEND = YES;
				GCC_C_LANGUAGE_STANDARD = gnu99;
				GCC_WARN_64_TO_32_BIT_CONVERSION = YES;
				GCC_WARN_ABOUT_RETURN_TYPE = YES_ERROR;
				GCC_WARN_UNDECLARED_SELECTOR = YES;
				GCC_WARN_UNINITIALIZED_AUTOS = YES_AGGRESSIVE;
				GCC_WARN_UNUSED_FUNCTION = YES;
				GCC_WARN_UNUSED_VARIABLE = YES;
				MACOSX_DEPLOYMENT_TARGET = 10.10;
				MTL_ENABLE_DEBUG_INFO = NO;
				SDKROOT = macosx;
			};
			name = Release;
		};
		2D8CDE1F1A4A68CC00026590 /* Debug */ = {
			isa = XCBuildConfiguration;
			buildSettings = {
				FRAMEWORK_SEARCH_PATHS = (
					"$(inherited)",
					"$(PROJECT_DIR)/Carthage/Build/iOS",
				);
				PRODUCT_NAME = "$(TARGET_NAME)";
			};
			name = Debug;
		};
		2D8CDE201A4A68CC00026590 /* Release */ = {
			isa = XCBuildConfiguration;
			buildSettings = {
				FRAMEWORK_SEARCH_PATHS = (
					"$(inherited)",
					"$(PROJECT_DIR)/Carthage/Build/iOS",
				);
				PRODUCT_NAME = "$(TARGET_NAME)";
			};
			name = Release;
		};
/* End XCBuildConfiguration section */

/* Begin XCConfigurationList section */
		2D8CDE121A4A68CC00026590 /* Build configuration list for PBXProject "swift-playground" */ = {
			isa = XCConfigurationList;
			buildConfigurations = (
				2D8CDE1C1A4A68CC00026590 /* Debug */,
				2D8CDE1D1A4A68CC00026590 /* Release */,
			);
			defaultConfigurationIsVisible = 0;
			defaultConfigurationName = Release;
		};
		2D8CDE1E1A4A68CC00026590 /* Build configuration list for PBXNativeTarget "swift-playground" */ = {
			isa = XCConfigurationList;
			buildConfigurations = (
				2D8CDE1F1A4A68CC00026590 /* Debug */,
				2D8CDE201A4A68CC00026590 /* Release */,
			);
			defaultConfigurationIsVisible = 0;
			defaultConfigurationName = Release;
		};
/* End XCConfigurationList section */
	};
	rootObject = 2D8CDE0F1A4A68CC00026590 /* Project object */;
}
